
Microsoft Visual Studio Solution File, Format Version 12.00
# Visual Studio Version 17
VisualStudioVersion = 17.14.36623.8
MinimumVisualStudioVersion = 10.0.40219.1
Project("{8BC9CEB8-8B4A-11D0-8D11-00A0C91BC942}") = "RayEditor", "RayEditor\RayEditor.vcxproj", "{0FE837A6-EDC2-43A8-A01B-3368A9970B3D}"
EndProject
Project("{8BC9CEB8-8B4A-11D0-8D11-00A0C91BC942}") = "RayEngine", "RayEngine\RayEngineTest.vcxproj", "{AAC71BA1-8A40-4AB6-A0A2-8310839BFF24}"
EndProject
Global
	GlobalSection(SolutionConfigurationPlatforms) = preSolution
		Debug|x64 = Debug|x64
		Debug|x86 = Debug|x86
		Release|x64 = Release|x64
		Release|x86 = Release|x86
	EndGlobalSection
	GlobalSection(ProjectConfigurationPlatforms) = postSolution
		{0FE837A6-EDC2-43A8-A01B-3368A9970B3D}.Debug|x64.ActiveCfg = Debug|x64
		{0FE837A6-EDC2-43A8-A01B-3368A9970B3D}.Debug|x64.Build.0 = Debug|x64
		{0FE837A6-EDC2-43A8-A01B-3368A9970B3D}.Debug|x86.ActiveCfg = Debug|Win32
		{0FE837A6-EDC2-43A8-A01B-3368A9970B3D}.Debug|x86.Build.0 = Debug|Win32
		{0FE837A6-EDC2-43A8-A01B-3368A9970B3D}.Release|x64.ActiveCfg = Release|x64
		{0FE837A6-EDC2-43A8-A01B-3368A9970B3D}.Release|x64.Build.0 = Release|x64
		{0FE837A6-EDC2-43A8-A01B-3368A9970B3D}.Release|x86.ActiveCfg = Release|Win32
		{0FE837A6-EDC2-43A8-A01B-3368A9970B3D}.Release|x86.Build.0 = Release|Win32
		{AAC71BA1-8A40-4AB6-A0A2-8310839BFF24}.Debug|x64.ActiveCfg = Debug|x64
		{AAC71BA1-8A40-4AB6-A0A2-8310839BFF24}.Debug|x64.Build.0 = Debug|x64
		{AAC71BA1-8A40-4AB6-A0A2-8310839BFF24}.Debug|x86.ActiveCfg = Debug|Win32
		{AAC71BA1-8A40-4AB6-A0A2-8310839BFF24}.Debug|x86.Build.0 = Debug|Win32
		{AAC71BA1-8A40-4AB6-A0A2-8310839BFF24}.Release|x64.ActiveCfg = Release|x64
		{AAC71BA1-8A40-4AB6-A0A2-8310839BFF24}.Release|x64.Build.0 = Release|x64
		{AAC71BA1-8A40-4AB6-A0A2-8310839BFF24}.Release|x86.ActiveCfg = Release|Win32
		{AAC71BA1-8A40-4AB6-A0A2-8310839BFF24}.Release|x86.Build.0 = Release|Win32
	EndGlobalSection
	GlobalSection(SolutionProperties) = preSolution
		HideSolutionNode = FALSE
	EndGlobalSection
	GlobalSection(ExtensibilityGlobals) = postSolution
		SolutionGuid = {28F5EC62-7711-4E9A-B095-FB6A18D9D574}
	EndGlobalSection
EndGlobal
