<?xml version="1.0" encoding="utf-8"?>
<Project ToolsVersion="4.0" xmlns="http://schemas.microsoft.com/developer/msbuild/2003">
  <ItemGroup>
    <Filter Include="源文件">
      <UniqueIdentifier>{4FC737F1-C7A5-4376-A066-2A32D752A2FF}</UniqueIdentifier>
      <Extensions>cpp;c;cc;cxx;c++;cppm;ixx;def;odl;idl;hpj;bat;asm;asmx</Extensions>
    </Filter>
    <Filter Include="头文件">
      <UniqueIdentifier>{93995380-89BD-4b04-88EB-625FBE52EBFB}</UniqueIdentifier>
      <Extensions>h;hh;hpp;hxx;h++;hm;inl;inc;ipp;xsd</Extensions>
    </Filter>
    <Filter Include="资源文件">
      <UniqueIdentifier>{67DA6AB6-F800-4c08-8B7A-83BB121AAD01}</UniqueIdentifier>
      <Extensions>rc;ico;cur;bmp;dlg;rc2;rct;bin;rgs;gif;jpg;jpeg;jpe;resx;tiff;tif;png;wav;mfcribbon-ms</Extensions>
    </Filter>
  </ItemGroup>
  <ItemGroup>
    <ClCompile Include="..\..\src\luabrige\lapi.c">
      <Filter>源文件</Filter>
    </ClCompile>
    <ClCompile Include="..\..\src\luabrige\lauxlib.c">
      <Filter>源文件</Filter>
    </ClCompile>
    <ClCompile Include="..\..\src\luabrige\lbaselib.c">
      <Filter>源文件</Filter>
    </ClCompile>
    <ClCompile Include="..\..\src\luabrige\lcode.c">
      <Filter>源文件</Filter>
    </ClCompile>
    <ClCompile Include="..\..\src\luabrige\lcorolib.c">
      <Filter>源文件</Filter>
    </ClCompile>
    <ClCompile Include="..\..\src\luabrige\lctype.c">
      <Filter>源文件</Filter>
    </ClCompile>
    <ClCompile Include="..\..\src\luabrige\ldblib.c">
      <Filter>源文件</Filter>
    </ClCompile>
    <ClCompile Include="..\..\src\luabrige\ldebug.c">
      <Filter>源文件</Filter>
    </ClCompile>
    <ClCompile Include="..\..\src\luabrige\ldo.c">
      <Filter>源文件</Filter>
    </ClCompile>
    <ClCompile Include="..\..\src\luabrige\ldump.c">
      <Filter>源文件</Filter>
    </ClCompile>
    <ClCompile Include="..\..\src\luabrige\lfunc.c">
      <Filter>源文件</Filter>
    </ClCompile>
    <ClCompile Include="..\..\src\luabrige\lgc.c">
      <Filter>源文件</Filter>
    </ClCompile>
    <ClCompile Include="..\..\src\luabrige\linit.c">
      <Filter>源文件</Filter>
    </ClCompile>
    <ClCompile Include="..\..\src\luabrige\liolib.c">
      <Filter>源文件</Filter>
    </ClCompile>
    <ClCompile Include="..\..\src\luabrige\llex.c">
      <Filter>源文件</Filter>
    </ClCompile>
    <ClCompile Include="..\..\src\luabrige\lmathlib.c">
      <Filter>源文件</Filter>
    </ClCompile>
    <ClCompile Include="..\..\src\luabrige\lmem.c">
      <Filter>源文件</Filter>
    </ClCompile>
    <ClCompile Include="..\..\src\luabrige\loadlib.c">
      <Filter>源文件</Filter>
    </ClCompile>
    <ClCompile Include="..\..\src\luabrige\lobject.c">
      <Filter>源文件</Filter>
    </ClCompile>
    <ClCompile Include="..\..\src\luabrige\lopcodes.c">
      <Filter>源文件</Filter>
    </ClCompile>
    <ClCompile Include="..\..\src\luabrige\loslib.c">
      <Filter>源文件</Filter>
    </ClCompile>
    <ClCompile Include="..\..\src\luabrige\lparser.c">
      <Filter>源文件</Filter>
    </ClCompile>
    <ClCompile Include="..\..\src\luabrige\lstate.c">
      <Filter>源文件</Filter>
    </ClCompile>
    <ClCompile Include="..\..\src\luabrige\lstring.c">
      <Filter>源文件</Filter>
    </ClCompile>
    <ClCompile Include="..\..\src\luabrige\lstrlib.c">
      <Filter>源文件</Filter>
    </ClCompile>
    <ClCompile Include="..\..\src\luabrige\ltable.c">
      <Filter>源文件</Filter>
    </ClCompile>
    <ClCompile Include="..\..\src\luabrige\ltablib.c">
      <Filter>源文件</Filter>
    </ClCompile>
    <ClCompile Include="..\..\src\luabrige\ltm.c">
      <Filter>源文件</Filter>
    </ClCompile>
    <ClCompile Include="..\..\src\luabrige\luac.c">
      <Filter>源文件</Filter>
    </ClCompile>
    <ClCompile Include="..\..\src\luabrige\lundump.c">
      <Filter>源文件</Filter>
    </ClCompile>
    <ClCompile Include="..\..\src\luabrige\lutf8lib.c">
      <Filter>源文件</Filter>
    </ClCompile>
    <ClCompile Include="..\..\src\luabrige\lvm.c">
      <Filter>源文件</Filter>
    </ClCompile>
    <ClCompile Include="..\..\src\luabrige\lzio.c">
      <Filter>源文件</Filter>
    </ClCompile>
    <ClCompile Include="..\..\src\luabrige\wonkmy.c">
      <Filter>源文件</Filter>
    </ClCompile>
    <ClCompile Include="..\..\src\luabrige\yxlib.c">
      <Filter>源文件</Filter>
    </ClCompile>
  </ItemGroup>
  <ItemGroup>
    <ClInclude Include="..\..\src\luabrige\lapi.h">
      <Filter>头文件</Filter>
    </ClInclude>
    <ClInclude Include="..\..\src\luabrige\lauxlib.h">
      <Filter>头文件</Filter>
    </ClInclude>
    <ClInclude Include="..\..\src\luabrige\lcode.h">
      <Filter>头文件</Filter>
    </ClInclude>
    <ClInclude Include="..\..\src\luabrige\lctype.h">
      <Filter>头文件</Filter>
    </ClInclude>
    <ClInclude Include="..\..\src\luabrige\ldebug.h">
      <Filter>头文件</Filter>
    </ClInclude>
    <ClInclude Include="..\..\src\luabrige\ldo.h">
      <Filter>头文件</Filter>
    </ClInclude>
    <ClInclude Include="..\..\src\luabrige\lfunc.h">
      <Filter>头文件</Filter>
    </ClInclude>
    <ClInclude Include="..\..\src\luabrige\lgc.h">
      <Filter>头文件</Filter>
    </ClInclude>
    <ClInclude Include="..\..\src\luabrige\ljumptab.h">
      <Filter>头文件</Filter>
    </ClInclude>
    <ClInclude Include="..\..\src\luabrige\llex.h">
      <Filter>头文件</Filter>
    </ClInclude>
    <ClInclude Include="..\..\src\luabrige\llimits.h">
      <Filter>头文件</Filter>
    </ClInclude>
    <ClInclude Include="..\..\src\luabrige\lmem.h">
      <Filter>头文件</Filter>
    </ClInclude>
    <ClInclude Include="..\..\src\luabrige\lobject.h">
      <Filter>头文件</Filter>
    </ClInclude>
    <ClInclude Include="..\..\src\luabrige\lopcodes.h">
      <Filter>头文件</Filter>
    </ClInclude>
    <ClInclude Include="..\..\src\luabrige\lopnames.h">
      <Filter>头文件</Filter>
    </ClInclude>
    <ClInclude Include="..\..\src\luabrige\lparser.h">
      <Filter>头文件</Filter>
    </ClInclude>
    <ClInclude Include="..\..\src\luabrige\lprefix.h">
      <Filter>头文件</Filter>
    </ClInclude>
    <ClInclude Include="..\..\src\luabrige\lstate.h">
      <Filter>头文件</Filter>
    </ClInclude>
    <ClInclude Include="..\..\src\luabrige\lstring.h">
      <Filter>头文件</Filter>
    </ClInclude>
    <ClInclude Include="..\..\src\luabrige\ltable.h">
      <Filter>头文件</Filter>
    </ClInclude>
    <ClInclude Include="..\..\src\luabrige\ltm.h">
      <Filter>头文件</Filter>
    </ClInclude>
    <ClInclude Include="..\..\src\luabrige\lua.hpp">
      <Filter>头文件</Filter>
    </ClInclude>
    <ClInclude Include="..\..\src\luabrige\luaconf.h">
      <Filter>头文件</Filter>
    </ClInclude>
    <ClInclude Include="..\..\src\luabrige\lualib.h">
      <Filter>头文件</Filter>
    </ClInclude>
    <ClInclude Include="..\..\src\luabrige\lundump.h">
      <Filter>头文件</Filter>
    </ClInclude>
    <ClInclude Include="..\..\src\luabrige\lvm.h">
      <Filter>头文件</Filter>
    </ClInclude>
    <ClInclude Include="..\..\src\luabrige\lzio.h">
      <Filter>头文件</Filter>
    </ClInclude>
    <ClInclude Include="..\..\src\luabrige\yxlib.h">
      <Filter>头文件</Filter>
    </ClInclude>
  </ItemGroup>
</Project>