<?xml version="1.0" encoding="utf-8"?>
<Project ToolsVersion="4.0" xmlns="http://schemas.microsoft.com/developer/msbuild/2003">
  <ItemGroup>
    <Filter Include="源文件">
      <UniqueIdentifier>{4FC737F1-C7A5-4376-A066-2A32D752A2FF}</UniqueIdentifier>
      <Extensions>cpp;c;cc;cxx;c++;cppm;ixx;def;odl;idl;hpj;bat;asm;asmx</Extensions>
    </Filter>
    <Filter Include="头文件">
      <UniqueIdentifier>{93995380-89BD-4b04-88EB-625FBE52EBFB}</UniqueIdentifier>
      <Extensions>h;hh;hpp;hxx;h++;hm;inl;inc;ipp;xsd</Extensions>
    </Filter>
    <Filter Include="资源文件">
      <UniqueIdentifier>{67DA6AB6-F800-4c08-8B7A-83BB121AAD01}</UniqueIdentifier>
      <Extensions>rc;ico;cur;bmp;dlg;rc2;rct;bin;rgs;gif;jpg;jpeg;jpe;resx;tiff;tif;png;wav;mfcribbon-ms</Extensions>
    </Filter>
    <Filter Include="源文件\luabrige">
      <UniqueIdentifier>{8d1451a4-4f73-4efe-a64b-717137eccd0c}</UniqueIdentifier>
    </Filter>
    <Filter Include="头文件\Graphics">
      <UniqueIdentifier>{93c8d0e6-6058-4ea7-a93e-47129f6c5247}</UniqueIdentifier>
    </Filter>
    <Filter Include="源文件\engine">
      <UniqueIdentifier>{2f394fdd-f2ab-423c-8331-818fc58d733f}</UniqueIdentifier>
    </Filter>
    <Filter Include="源文件\engine\Graphics">
      <UniqueIdentifier>{1e3cb468-bff6-49bb-b343-f5216e0cc951}</UniqueIdentifier>
    </Filter>
    <Filter Include="源文件\engine\core">
      <UniqueIdentifier>{fe686118-6f0e-4239-a5b1-5550213ab28f}</UniqueIdentifier>
    </Filter>
  </ItemGroup>
  <ItemGroup>
    <ClInclude Include="..\src\engine\game.h">
      <Filter>头文件</Filter>
    </ClInclude>
    <ClInclude Include="..\src\engine\mainlayer.h">
      <Filter>头文件</Filter>
    </ClInclude>
    <ClInclude Include="..\src\engine\rpng.h">
      <Filter>头文件</Filter>
    </ClInclude>
    <ClInclude Include="..\src\engine\stb_image_write.h">
      <Filter>头文件</Filter>
    </ClInclude>
    <ClInclude Include="..\src\engine\graphics.h">
      <Filter>头文件\Graphics</Filter>
    </ClInclude>
    <ClInclude Include="..\src\engine\MeshRender.h">
      <Filter>头文件</Filter>
    </ClInclude>
  </ItemGroup>
  <ItemGroup>
    <ClCompile Include="..\src\engine\graphics.c">
      <Filter>源文件\engine\Graphics</Filter>
    </ClCompile>
    <ClCompile Include="..\src\luabrige\lapi.c">
      <Filter>源文件\luabrige</Filter>
    </ClCompile>
    <ClCompile Include="..\src\luabrige\lauxlib.c">
      <Filter>源文件\luabrige</Filter>
    </ClCompile>
    <ClCompile Include="..\src\luabrige\lbaselib.c">
      <Filter>源文件\luabrige</Filter>
    </ClCompile>
    <ClCompile Include="..\src\luabrige\lcode.c">
      <Filter>源文件\luabrige</Filter>
    </ClCompile>
    <ClCompile Include="..\src\luabrige\lcorolib.c">
      <Filter>源文件\luabrige</Filter>
    </ClCompile>
    <ClCompile Include="..\src\luabrige\lctype.c">
      <Filter>源文件\luabrige</Filter>
    </ClCompile>
    <ClCompile Include="..\src\luabrige\ldblib.c">
      <Filter>源文件\luabrige</Filter>
    </ClCompile>
    <ClCompile Include="..\src\luabrige\ldebug.c">
      <Filter>源文件\luabrige</Filter>
    </ClCompile>
    <ClCompile Include="..\src\luabrige\ldo.c">
      <Filter>源文件\luabrige</Filter>
    </ClCompile>
    <ClCompile Include="..\src\luabrige\ldump.c">
      <Filter>源文件\luabrige</Filter>
    </ClCompile>
    <ClCompile Include="..\src\luabrige\lfunc.c">
      <Filter>源文件\luabrige</Filter>
    </ClCompile>
    <ClCompile Include="..\src\luabrige\lgc.c">
      <Filter>源文件\luabrige</Filter>
    </ClCompile>
    <ClCompile Include="..\src\luabrige\linit.c">
      <Filter>源文件\luabrige</Filter>
    </ClCompile>
    <ClCompile Include="..\src\luabrige\liolib.c">
      <Filter>源文件\luabrige</Filter>
    </ClCompile>
    <ClCompile Include="..\src\luabrige\llex.c">
      <Filter>源文件\luabrige</Filter>
    </ClCompile>
    <ClCompile Include="..\src\luabrige\lmathlib.c">
      <Filter>源文件\luabrige</Filter>
    </ClCompile>
    <ClCompile Include="..\src\luabrige\lmem.c">
      <Filter>源文件\luabrige</Filter>
    </ClCompile>
    <ClCompile Include="..\src\luabrige\loadlib.c">
      <Filter>源文件\luabrige</Filter>
    </ClCompile>
    <ClCompile Include="..\src\luabrige\lobject.c">
      <Filter>源文件\luabrige</Filter>
    </ClCompile>
    <ClCompile Include="..\src\luabrige\lopcodes.c">
      <Filter>源文件\luabrige</Filter>
    </ClCompile>
    <ClCompile Include="..\src\luabrige\loslib.c">
      <Filter>源文件\luabrige</Filter>
    </ClCompile>
    <ClCompile Include="..\src\luabrige\lparser.c">
      <Filter>源文件\luabrige</Filter>
    </ClCompile>
    <ClCompile Include="..\src\luabrige\lstate.c">
      <Filter>源文件\luabrige</Filter>
    </ClCompile>
    <ClCompile Include="..\src\luabrige\lstring.c">
      <Filter>源文件\luabrige</Filter>
    </ClCompile>
    <ClCompile Include="..\src\luabrige\lstrlib.c">
      <Filter>源文件\luabrige</Filter>
    </ClCompile>
    <ClCompile Include="..\src\luabrige\ltable.c">
      <Filter>源文件\luabrige</Filter>
    </ClCompile>
    <ClCompile Include="..\src\luabrige\ltablib.c">
      <Filter>源文件\luabrige</Filter>
    </ClCompile>
    <ClCompile Include="..\src\luabrige\ltm.c">
      <Filter>源文件\luabrige</Filter>
    </ClCompile>
    <ClCompile Include="..\src\luabrige\lundump.c">
      <Filter>源文件\luabrige</Filter>
    </ClCompile>
    <ClCompile Include="..\src\luabrige\lutf8lib.c">
      <Filter>源文件\luabrige</Filter>
    </ClCompile>
    <ClCompile Include="..\src\luabrige\lvm.c">
      <Filter>源文件\luabrige</Filter>
    </ClCompile>
    <ClCompile Include="..\src\luabrige\lzio.c">
      <Filter>源文件\luabrige</Filter>
    </ClCompile>
    <ClCompile Include="..\src\engine\software_3d_core.c">
      <Filter>源文件\engine</Filter>
    </ClCompile>
    <ClCompile Include="..\src\engine\game.c">
      <Filter>源文件\engine\core</Filter>
    </ClCompile>
    <ClCompile Include="..\src\engine\mainlayer.c">
      <Filter>源文件\engine\core</Filter>
    </ClCompile>
    <ClCompile Include="..\src\engine\main.c">
      <Filter>源文件</Filter>
    </ClCompile>
    <ClCompile Include="..\src\engine\MeshRender.c">
      <Filter>源文件\engine\Graphics</Filter>
    </ClCompile>
    <ClCompile Include="..\src\engine\entityManager.c">
      <Filter>源文件\engine\core</Filter>
    </ClCompile>
    <ClCompile Include="..\src\engine\brigeImgui.cpp">
      <Filter>源文件</Filter>
    </ClCompile>
    <ClCompile Include="..\src\engine\gamefuncs.c">
      <Filter>源文件\engine\core</Filter>
    </ClCompile>
  </ItemGroup>
</Project>